
Microsoft Visual Studio Solution File, Format Version 12.00
# Visual Studio 2013
VisualStudioVersion = 12.0.21005.1
MinimumVisualStudioVersion = 10.0.40219.1
Project("{FAE04EC0-301F-11D3-BF4B-00C04F79EFBC}") = "ATM", "ATM\ATM.csproj", "{1C36F65A-B27A-4875-8E2D-4B2EF64090B9}"
EndProject
Project("{FAE04EC0-301F-11D3-BF4B-00C04F79EFBC}") = "ATM.Tests", "ATM.Tests\ATM.Tests.csproj", "{D489DA4F-E573-41B1-A6C4-CA4AC29F0FDE}"
EndProject
Global
	GlobalSection(SolutionConfigurationPlatforms) = preSolution
		Debug|Any CPU = Debug|Any CPU
		Release|Any CPU = Release|Any CPU
	EndGlobalSection
	GlobalSection(ProjectConfigurationPlatforms) = postSolution
		{1C36F65A-B27A-4875-8E2D-4B2EF64090B9}.Debug|Any CPU.ActiveCfg = Debug|Any CPU
		{1C36F65A-B27A-4875-8E2D-4B2EF64090B9}.Debug|Any CPU.Build.0 = Debug|Any CPU
		{1C36F65A-B27A-4875-8E2D-4B2EF64090B9}.Release|Any CPU.ActiveCfg = Release|Any CPU
		{1C36F65A-B27A-4875-8E2D-4B2EF64090B9}.Release|Any CPU.Build.0 = Release|Any CPU
		{D489DA4F-E573-41B1-A6C4-CA4AC29F0FDE}.Debug|Any CPU.ActiveCfg = Debug|Any CPU
		{D489DA4F-E573-41B1-A6C4-CA4AC29F0FDE}.Debug|Any CPU.Build.0 = Debug|Any CPU
		{D489DA4F-E573-41B1-A6C4-CA4AC29F0FDE}.Release|Any CPU.ActiveCfg = Release|Any CPU
		{D489DA4F-E573-41B1-A6C4-CA4AC29F0FDE}.Release|Any CPU.Build.0 = Release|Any CPU
	EndGlobalSection
	GlobalSection(SolutionProperties) = preSolution
		HideSolutionNode = FALSE
	EndGlobalSection
EndGlobal
