
Microsoft Visual Studio Solution File, Format Version 12.00
# Visual Studio 2013
VisualStudioVersion = 12.0.21005.1
MinimumVisualStudioVersion = 10.0.40219.1
Project("{FAE04EC0-301F-11D3-BF4B-00C04F79EFBC}") = "DeligateSample", "DeligateSample\DeligateSample.csproj", "{0212468D-6771-4905-B4E8-85C67BAB7A7A}"
	ProjectSection(ProjectDependencies) = postProject
		{9DD7EB5A-6EEE-4E71-9113-6CB7AD90A1E6} = {9DD7EB5A-6EEE-4E71-9113-6CB7AD90A1E6}
	EndProjectSection
EndProject
Project("{FAE04EC0-301F-11D3-BF4B-00C04F79EFBC}") = "MultiCastDelegateExample", "MultiCastDelegateExample\MultiCastDelegateExample.csproj", "{9DD7EB5A-6EEE-4E71-9113-6CB7AD90A1E6}"
EndProject
Global
	GlobalSection(SolutionConfigurationPlatforms) = preSolution
		Debug|Any CPU = Debug|Any CPU
		Release|Any CPU = Release|Any CPU
	EndGlobalSection
	GlobalSection(ProjectConfigurationPlatforms) = postSolution
		{0212468D-6771-4905-B4E8-85C67BAB7A7A}.Debug|Any CPU.ActiveCfg = Debug|Any CPU
		{0212468D-6771-4905-B4E8-85C67BAB7A7A}.Debug|Any CPU.Build.0 = Debug|Any CPU
		{0212468D-6771-4905-B4E8-85C67BAB7A7A}.Release|Any CPU.ActiveCfg = Release|Any CPU
		{0212468D-6771-4905-B4E8-85C67BAB7A7A}.Release|Any CPU.Build.0 = Release|Any CPU
		{9DD7EB5A-6EEE-4E71-9113-6CB7AD90A1E6}.Debug|Any CPU.ActiveCfg = Debug|Any CPU
		{9DD7EB5A-6EEE-4E71-9113-6CB7AD90A1E6}.Debug|Any CPU.Build.0 = Debug|Any CPU
		{9DD7EB5A-6EEE-4E71-9113-6CB7AD90A1E6}.Release|Any CPU.ActiveCfg = Release|Any CPU
		{9DD7EB5A-6EEE-4E71-9113-6CB7AD90A1E6}.Release|Any CPU.Build.0 = Release|Any CPU
	EndGlobalSection
	GlobalSection(SolutionProperties) = preSolution
		HideSolutionNode = FALSE
	EndGlobalSection
EndGlobal
